Microsoft Visual Studio Solution File, Format Version 12.00
# Visual Studio 2012
Project("{FAE04EC0-301F-11D3-BF4B-00C04F79EFBC}") = "Spirit tiles", "Spirit tiles.csproj", "{D289DD35-5A03-4F11-A13B-CDA2D0273511}"
EndProject
Global
	GlobalSection(SolutionConfigurationPlatforms) = preSolution
	Debug|Any CPU = Debug|Any CPU
	ExportDebug|Any CPU = ExportDebug|Any CPU
	ExportRelease|Any CPU = ExportRelease|Any CPU
	EndGlobalSection
	GlobalSection(ProjectConfigurationPlatforms) = postSolution
		{D289DD35-5A03-4F11-A13B-CDA2D0273511}.Debug|Any CPU.ActiveCfg = Debug|Any CPU
		{D289DD35-5A03-4F11-A13B-CDA2D0273511}.Debug|Any CPU.Build.0 = Debug|Any CPU
		{D289DD35-5A03-4F11-A13B-CDA2D0273511}.ExportDebug|Any CPU.ActiveCfg = ExportDebug|Any CPU
		{D289DD35-5A03-4F11-A13B-CDA2D0273511}.ExportDebug|Any CPU.Build.0 = ExportDebug|Any CPU
		{D289DD35-5A03-4F11-A13B-CDA2D0273511}.ExportRelease|Any CPU.ActiveCfg = ExportRelease|Any CPU
		{D289DD35-5A03-4F11-A13B-CDA2D0273511}.ExportRelease|Any CPU.Build.0 = ExportRelease|Any CPU
	EndGlobalSection
EndGlobal
